
Microsoft Visual Studio Solution File, Format Version 12.00
# Visual Studio Version 17
VisualStudioVersion = 17.0.31903.59
MinimumVisualStudioVersion = 10.0.40219.1
Project("{2150E333-8FDC-42A3-9474-1A3956D46DE8}") = "src", "src", "{D7A44E44-23D7-4C56-8D17-AD843901429C}"
EndProject
Project("{FAE04EC0-301F-11D3-BF4B-00C04F79EFBC}") = "Products.Core", "src\Products.Core\Products.Core.csproj", "{FC445247-F879-42A5-B4B6-C26883C8BA05}"
EndProject
Project("{FAE04EC0-301F-11D3-BF4B-00C04F79EFBC}") = "Products.Infrastructure", "src\Products.Infrastructure\Products.Infrastructure.csproj", "{87672EDB-27A2-4F15-BE4F-CAE0976593F4}"
EndProject
Project("{FAE04EC0-301F-11D3-BF4B-00C04F79EFBC}") = "Products.GUI", "src\Products.GUI\Products.GUI.csproj", "{3824D71C-B1EB-4C7F-A57B-0D8EFFFC561B}"
EndProject
Project("{FAE04EC0-301F-11D3-BF4B-00C04F79EFBC}") = "Products.Api", "src\Products.Api\Products.Api.csproj", "{60B73987-D99D-4B92-8215-7B0131E23319}"
EndProject
Project("{2150E333-8FDC-42A3-9474-1A3956D46DE8}") = "tests", "tests", "{467050DA-F3AB-40B4-970C-4824F498844D}"
EndProject
Project("{FAE04EC0-301F-11D3-BF4B-00C04F79EFBC}") = "Products.Tests", "tests\Products.Tests\Products.Tests.csproj", "{82E40E4F-1108-421A-96D7-A1623E1D319B}"
EndProject
Global
	GlobalSection(SolutionConfigurationPlatforms) = preSolution
		Debug|Any CPU = Debug|Any CPU
		Release|Any CPU = Release|Any CPU
	EndGlobalSection
	GlobalSection(SolutionProperties) = preSolution
		HideSolutionNode = FALSE
	EndGlobalSection
	GlobalSection(ProjectConfigurationPlatforms) = postSolution
		{FC445247-F879-42A5-B4B6-C26883C8BA05}.Debug|Any CPU.ActiveCfg = Debug|Any CPU
		{FC445247-F879-42A5-B4B6-C26883C8BA05}.Debug|Any CPU.Build.0 = Debug|Any CPU
		{FC445247-F879-42A5-B4B6-C26883C8BA05}.Release|Any CPU.ActiveCfg = Release|Any CPU
		{FC445247-F879-42A5-B4B6-C26883C8BA05}.Release|Any CPU.Build.0 = Release|Any CPU
		{87672EDB-27A2-4F15-BE4F-CAE0976593F4}.Debug|Any CPU.ActiveCfg = Debug|Any CPU
		{87672EDB-27A2-4F15-BE4F-CAE0976593F4}.Debug|Any CPU.Build.0 = Debug|Any CPU
		{87672EDB-27A2-4F15-BE4F-CAE0976593F4}.Release|Any CPU.ActiveCfg = Release|Any CPU
		{87672EDB-27A2-4F15-BE4F-CAE0976593F4}.Release|Any CPU.Build.0 = Release|Any CPU
		{3824D71C-B1EB-4C7F-A57B-0D8EFFFC561B}.Debug|Any CPU.ActiveCfg = Debug|Any CPU
		{3824D71C-B1EB-4C7F-A57B-0D8EFFFC561B}.Debug|Any CPU.Build.0 = Debug|Any CPU
		{3824D71C-B1EB-4C7F-A57B-0D8EFFFC561B}.Release|Any CPU.ActiveCfg = Release|Any CPU
		{3824D71C-B1EB-4C7F-A57B-0D8EFFFC561B}.Release|Any CPU.Build.0 = Release|Any CPU
		{60B73987-D99D-4B92-8215-7B0131E23319}.Debug|Any CPU.ActiveCfg = Debug|Any CPU
		{60B73987-D99D-4B92-8215-7B0131E23319}.Debug|Any CPU.Build.0 = Debug|Any CPU
		{60B73987-D99D-4B92-8215-7B0131E23319}.Release|Any CPU.ActiveCfg = Release|Any CPU
		{60B73987-D99D-4B92-8215-7B0131E23319}.Release|Any CPU.Build.0 = Release|Any CPU
		{82E40E4F-1108-421A-96D7-A1623E1D319B}.Debug|Any CPU.ActiveCfg = Debug|Any CPU
		{82E40E4F-1108-421A-96D7-A1623E1D319B}.Debug|Any CPU.Build.0 = Debug|Any CPU
		{82E40E4F-1108-421A-96D7-A1623E1D319B}.Release|Any CPU.ActiveCfg = Release|Any CPU
		{82E40E4F-1108-421A-96D7-A1623E1D319B}.Release|Any CPU.Build.0 = Release|Any CPU
	EndGlobalSection
	GlobalSection(NestedProjects) = preSolution
		{FC445247-F879-42A5-B4B6-C26883C8BA05} = {D7A44E44-23D7-4C56-8D17-AD843901429C}
		{87672EDB-27A2-4F15-BE4F-CAE0976593F4} = {D7A44E44-23D7-4C56-8D17-AD843901429C}
		{3824D71C-B1EB-4C7F-A57B-0D8EFFFC561B} = {D7A44E44-23D7-4C56-8D17-AD843901429C}
		{60B73987-D99D-4B92-8215-7B0131E23319} = {D7A44E44-23D7-4C56-8D17-AD843901429C}
		{82E40E4F-1108-421A-96D7-A1623E1D319B} = {467050DA-F3AB-40B4-970C-4824F498844D}
	EndGlobalSection
EndGlobal
